{
  "name": "@edugis/geojson-project",
  "version": "0.1.0",
  "lockfileVersion": 2,
  "requires": true,
  "packages": {
    "": {
      "name": "@edugis/geojson-project",
      "version": "0.1.0",
      "license": "ISC",
      "dependencies": {
        "geojson-project": "^2.0.1",
        "proj4": "^2.8.1"
      }
    },
    "node_modules/@types/geojson": {
      "version": "7946.0.10",
      "resolved": "https://registry.npmjs.org/@types/geojson/-/geojson-7946.0.10.tgz",
      "integrity": "sha512-Nmh0K3iWQJzniTuPRcJn5hxXkfB1T1pgB89SBig5PlJQU5yocazeu4jATJlaA0GYFKWMqDdvYemoSnF2pXgLVA=="
    },
    "node_modules/geojson-project": {
      "version": "2.0.1",
      "resolved": "https://registry.npmjs.org/geojson-project/-/geojson-project-2.0.1.tgz",
      "integrity": "sha512-TbX1lTTjcLka7KtKjNhPK1QtjEcNAtLcVCSy5iN89AfUdfxDjsWh6tu64TUEPNBX+CUViMgUc3v2LIZgWJrKAA==",
      "dependencies": {
        "@types/geojson": "^7946.0.10"
      }
    },
    "node_modules/mgrs": {
      "version": "1.0.0",
      "resolved": "https://registry.npmjs.org/mgrs/-/mgrs-1.0.0.tgz",
      "integrity": "sha512-awNbTOqCxK1DBGjalK3xqWIstBZgN6fxsMSiXLs9/spqWkF2pAhb2rrYCFSsr1/tT7PhcDGjZndG8SWYn0byYA=="
    },
    "node_modules/proj4": {
      "version": "2.8.1",
      "resolved": "https://registry.npmjs.org/proj4/-/proj4-2.8.1.tgz",
      "integrity": "sha512-KK/bgM6oIwxdpeCaJ/JK3V1D8LMQCKKKzndab4/pYQNd+NVKTcddUNtds053Q110GxTALXVjx98L9f5q8xPVXQ==",
      "dependencies": {
        "mgrs": "1.0.0",
        "wkt-parser": "^1.3.1"
      }
    },
    "node_modules/wkt-parser": {
      "version": "1.3.2",
      "resolved": "https://registry.npmjs.org/wkt-parser/-/wkt-parser-1.3.2.tgz",
      "integrity": "sha512-A26BOOo7sHAagyxG7iuRhnKMO7Q3mEOiOT4oGUmohtN/Li5wameeU4S6f8vWw6NADTVKljBs8bzA8JPQgSEMVQ=="
    }
  },
  "dependencies": {
    "@types/geojson": {
      "version": "7946.0.10",
      "resolved": "https://registry.npmjs.org/@types/geojson/-/geojson-7946.0.10.tgz",
      "integrity": "sha512-Nmh0K3iWQJzniTuPRcJn5hxXkfB1T1pgB89SBig5PlJQU5yocazeu4jATJlaA0GYFKWMqDdvYemoSnF2pXgLVA=="
    },
    "geojson-project": {
      "version": "2.0.1",
      "resolved": "https://registry.npmjs.org/geojson-project/-/geojson-project-2.0.1.tgz",
      "integrity": "sha512-TbX1lTTjcLka7KtKjNhPK1QtjEcNAtLcVCSy5iN89AfUdfxDjsWh6tu64TUEPNBX+CUViMgUc3v2LIZgWJrKAA==",
      "requires": {
        "@types/geojson": "^7946.0.10"
      }
    },
    "mgrs": {
      "version": "1.0.0",
      "resolved": "https://registry.npmjs.org/mgrs/-/mgrs-1.0.0.tgz",
      "integrity": "sha512-awNbTOqCxK1DBGjalK3xqWIstBZgN6fxsMSiXLs9/spqWkF2pAhb2rrYCFSsr1/tT7PhcDGjZndG8SWYn0byYA=="
    },
    "proj4": {
      "version": "2.8.1",
      "resolved": "https://registry.npmjs.org/proj4/-/proj4-2.8.1.tgz",
      "integrity": "sha512-KK/bgM6oIwxdpeCaJ/JK3V1D8LMQCKKKzndab4/pYQNd+NVKTcddUNtds053Q110GxTALXVjx98L9f5q8xPVXQ==",
      "requires": {
        "mgrs": "1.0.0",
        "wkt-parser": "^1.3.1"
      }
    },
    "wkt-parser": {
      "version": "1.3.2",
      "resolved": "https://registry.npmjs.org/wkt-parser/-/wkt-parser-1.3.2.tgz",
      "integrity": "sha512-A26BOOo7sHAagyxG7iuRhnKMO7Q3mEOiOT4oGUmohtN/Li5wameeU4S6f8vWw6NADTVKljBs8bzA8JPQgSEMVQ=="
    }
  }
}
